// !$*UTF8*$!
{
	archiveVersion = 1;
	classes = {
	};
	objectVersion = 46;
	objects = {

/* Begin PBXBuildFile section */
		FA210EC51DCA0344002B9592 /* UIExtension.swift in Sources */ = {isa = PBXBuildFile; fileRef = FA210EC41DCA0344002B9592 /* UIExtension.swift */; };
		FA2383591DC5283F0007A006 /* Data+Gzip.swift in Sources */ = {isa = PBXBuildFile; fileRef = FA2383561DC5283F0007A006 /* Data+Gzip.swift */; };
		FA2E2EE61DB7A42000CE8F7F /* ProgramManager.swift in Sources */ = {isa = PBXBuildFile; fileRef = FA2E2EE51DB7A42000CE8F7F /* ProgramManager.swift */; };
		FA2E2EE81DB8DAA700CE8F7F /* EpgProvidersVC.swift in Sources */ = {isa = PBXBuildFile; fileRef = FA2E2EE71DB8DAA700CE8F7F /* EpgProvidersVC.swift */; };
		FA2E2EEE1DBBE52900CE8F7F /* AlertAction.swift in Sources */ = {isa = PBXBuildFile; fileRef = FA2E2EED1DBBE52900CE8F7F /* AlertAction.swift */; };
		FA2E2EFD1DBDFD8900CE8F7F /* Document.swift in Sources */ = {isa = PBXBuildFile; fileRef = FA2E2EF51DBDFD8900CE8F7F /* Document.swift */; };
		FA2E2EFE1DBDFD8900CE8F7F /* Element.swift in Sources */ = {isa = PBXBuildFile; fileRef = FA2E2EF61DBDFD8900CE8F7F /* Element.swift */; };
		FA2E2EFF1DBDFD8900CE8F7F /* Error.swift in Sources */ = {isa = PBXBuildFile; fileRef = FA2E2EF71DBDFD8900CE8F7F /* Error.swift */; };
		FA2E2F001DBDFD8900CE8F7F /* Info.plist in Resources */ = {isa = PBXBuildFile; fileRef = FA2E2EF81DBDFD8900CE8F7F /* Info.plist */; };
		FA2E2F011DBDFD8900CE8F7F /* Options.swift in Sources */ = {isa = PBXBuildFile; fileRef = FA2E2EF91DBDFD8900CE8F7F /* Options.swift */; };
		FA2E2F021DBDFD8900CE8F7F /* Parser.swift in Sources */ = {isa = PBXBuildFile; fileRef = FA2E2EFA1DBDFD8900CE8F7F /* Parser.swift */; };
		FA4341221DC146460075CE77 /* libz.tbd in Frameworks */ = {isa = PBXBuildFile; fileRef = FA2E2F1D1DBE109A00CE8F7F /* libz.tbd */; };
		FA51F7A21DC7740300CA1758 /* ChannelSettinsVC.swift in Sources */ = {isa = PBXBuildFile; fileRef = FA51F7A11DC7740300CA1758 /* ChannelSettinsVC.swift */; };
		FA51F7A41DC7746D00CA1758 /* ChannelPickerVC.swift in Sources */ = {isa = PBXBuildFile; fileRef = FA51F7A31DC7746D00CA1758 /* ChannelPickerVC.swift */; };
		FA5C61121D9038EF005E8EBD /* M3uParser.swift in Sources */ = {isa = PBXBuildFile; fileRef = FA5C61111D9038EF005E8EBD /* M3uParser.swift */; };
		FA5C61141D9132F1005E8EBD /* Utils.swift in Sources */ = {isa = PBXBuildFile; fileRef = FA5C61131D9132F1005E8EBD /* Utils.swift */; };
		FA5C61341D92798C005E8EBD /* CoreDataManager.swift in Sources */ = {isa = PBXBuildFile; fileRef = FA5C61331D92798C005E8EBD /* CoreDataManager.swift */; };
		FA5C61371D928084005E8EBD /* iptv.xcdatamodeld in Sources */ = {isa = PBXBuildFile; fileRef = FA5C61351D928084005E8EBD /* iptv.xcdatamodeld */; };
		FA6944E11D92B26C005B854A /* CoreData.framework in Frameworks */ = {isa = PBXBuildFile; fileRef = FA6944E01D92B26C005B854A /* CoreData.framework */; };
		FA6944E31D92B8D0005B854A /* CoreDataExtension.swift in Sources */ = {isa = PBXBuildFile; fileRef = FA6944E21D92B8D0005B854A /* CoreDataExtension.swift */; };
		FA7589CA1DD10DBF009D2327 /* EpgProviderEditVC.swift in Sources */ = {isa = PBXBuildFile; fileRef = FA7589C91DD10DBF009D2327 /* EpgProviderEditVC.swift */; };
		FA830D701D8C1F53000BD36E /* AppDelegate.swift in Sources */ = {isa = PBXBuildFile; fileRef = FA830D6D1D8C1F53000BD36E /* AppDelegate.swift */; };
		FA830D711D8C1F53000BD36E /* Assets.xcassets in Resources */ = {isa = PBXBuildFile; fileRef = FA830D6E1D8C1F53000BD36E /* Assets.xcassets */; };
		FA830D721D8C1F53000BD36E /* Info.plist in Resources */ = {isa = PBXBuildFile; fileRef = FA830D6F1D8C1F53000BD36E /* Info.plist */; };
		FA830D821D8C209F000BD36E /* ProgramVC.swift in Sources */ = {isa = PBXBuildFile; fileRef = FA830D811D8C209F000BD36E /* ProgramVC.swift */; };
		FA830D861D8C20AA000BD36E /* SettingsVC.swift in Sources */ = {isa = PBXBuildFile; fileRef = FA830D841D8C20AA000BD36E /* SettingsVC.swift */; };
		FA830D8A1D8C215E000BD36E /* Main.storyboard in Resources */ = {isa = PBXBuildFile; fileRef = FA830D881D8C215E000BD36E /* Main.storyboard */; };
		FA830D8C1D8C21B1000BD36E /* ChannelsVC.swift in Sources */ = {isa = PBXBuildFile; fileRef = FA830D8B1D8C21B1000BD36E /* ChannelsVC.swift */; };
		FA830D8F1D8C3361000BD36E /* Settings.storyboard in Resources */ = {isa = PBXBuildFile; fileRef = FA830D8D1D8C3361000BD36E /* Settings.storyboard */; };
		FA843F641DEB4EC900F95DAE /* StyleManager.swift in Sources */ = {isa = PBXBuildFile; fileRef = FA843F631DEB4EC900F95DAE /* StyleManager.swift */; };
		FA843F6B1DF17E5C00F95DAE /* ProgramView.swift in Sources */ = {isa = PBXBuildFile; fileRef = FA843F6A1DF17E5C00F95DAE /* ProgramView.swift */; };
		FAAECE701D990A07004EA6ED /* ChannelManager.swift in Sources */ = {isa = PBXBuildFile; fileRef = FAAECE6F1D990A07004EA6ED /* ChannelManager.swift */; };
		FAD2A1BA1D9509120047AE3F /* .gitignore in Resources */ = {isa = PBXBuildFile; fileRef = FAD2A1B91D9509120047AE3F /* .gitignore */; };
		FAEE2EEB1DB4E60900D0F4C3 /* PlayerView.swift in Sources */ = {isa = PBXBuildFile; fileRef = FAEE2EEA1DB4E60900D0F4C3 /* PlayerView.swift */; };
		FAFC8F301DF9829900350A2B /* ProgramCollectionCell.swift in Sources */ = {isa = PBXBuildFile; fileRef = FAFC8F2F1DF9829900350A2B /* ProgramCollectionCell.swift */; };
		FAFC8F321DFAD87E00350A2B /* Program.storyboard in Resources */ = {isa = PBXBuildFile; fileRef = FAFC8F311DFAD87E00350A2B /* Program.storyboard */; };
		FAFE305D1D9D15760042A3EB /* FocusedView.swift in Sources */ = {isa = PBXBuildFile; fileRef = FAFE305C1D9D15760042A3EB /* FocusedView.swift */; };
		FAFE30601D9D3E8C0042A3EB /* Channel.storyboard in Resources */ = {isa = PBXBuildFile; fileRef = FAFE305E1D9D3E8C0042A3EB /* Channel.storyboard */; };
/* End PBXBuildFile section */

/* Begin PBXFileReference section */
		FA210EC41DCA0344002B9592 /* UIExtension.swift */ = {isa = PBXFileReference; fileEncoding = 4; lastKnownFileType = sourcecode.swift; name = UIExtension.swift; path = iptv/UI/UIExtension.swift; sourceTree = "<group>"; };
		FA2383561DC5283F0007A006 /* Data+Gzip.swift */ = {isa = PBXFileReference; fileEncoding = 4; lastKnownFileType = sourcecode.swift; path = "Data+Gzip.swift"; sourceTree = "<group>"; };
		FA2383571DC5283F0007A006 /* include.h */ = {isa = PBXFileReference; fileEncoding = 4; lastKnownFileType = sourcecode.c.h; path = include.h; sourceTree = "<group>"; };
		FA2383581DC5283F0007A006 /* module.modulemap */ = {isa = PBXFileReference; fileEncoding = 4; lastKnownFileType = "sourcecode.module-map"; path = module.modulemap; sourceTree = "<group>"; };
		FA2E2EE51DB7A42000CE8F7F /* ProgramManager.swift */ = {isa = PBXFileReference; fileEncoding = 4; lastKnownFileType = sourcecode.swift; name = ProgramManager.swift; path = iptv/ProgramManager.swift; sourceTree = "<group>"; };
		FA2E2EE71DB8DAA700CE8F7F /* EpgProvidersVC.swift */ = {isa = PBXFileReference; fileEncoding = 4; lastKnownFileType = sourcecode.swift; name = EpgProvidersVC.swift; path = iptv/UI/Settings/EpgProvidersVC.swift; sourceTree = "<group>"; };
		FA2E2EED1DBBE52900CE8F7F /* AlertAction.swift */ = {isa = PBXFileReference; fileEncoding = 4; lastKnownFileType = sourcecode.swift; name = AlertAction.swift; path = iptv/AlertAction.swift; sourceTree = "<group>"; };
		FA2E2EF11DBDFD8900CE8F7F /* LICENSE */ = {isa = PBXFileReference; fileEncoding = 4; lastKnownFileType = text; path = LICENSE; sourceTree = "<group>"; };
		FA2E2EF21DBDFD8900CE8F7F /* README.md */ = {isa = PBXFileReference; fileEncoding = 4; lastKnownFileType = net.daringfireball.markdown; path = README.md; sourceTree = "<group>"; };
		FA2E2EF41DBDFD8900CE8F7F /* AEXML.h */ = {isa = PBXFileReference; fileEncoding = 4; lastKnownFileType = sourcecode.c.h; path = AEXML.h; sourceTree = "<group>"; };
		FA2E2EF51DBDFD8900CE8F7F /* Document.swift */ = {isa = PBXFileReference; fileEncoding = 4; lastKnownFileType = sourcecode.swift; path = Document.swift; sourceTree = "<group>"; };
		FA2E2EF61DBDFD8900CE8F7F /* Element.swift */ = {isa = PBXFileReference; fileEncoding = 4; lastKnownFileType = sourcecode.swift; path = Element.swift; sourceTree = "<group>"; };
		FA2E2EF71DBDFD8900CE8F7F /* Error.swift */ = {isa = PBXFileReference; fileEncoding = 4; lastKnownFileType = sourcecode.swift; path = Error.swift; sourceTree = "<group>"; };
		FA2E2EF81DBDFD8900CE8F7F /* Info.plist */ = {isa = PBXFileReference; fileEncoding = 4; lastKnownFileType = text.plist.xml; path = Info.plist; sourceTree = "<group>"; };
		FA2E2EF91DBDFD8900CE8F7F /* Options.swift */ = {isa = PBXFileReference; fileEncoding = 4; lastKnownFileType = sourcecode.swift; path = Options.swift; sourceTree = "<group>"; };
		FA2E2EFA1DBDFD8900CE8F7F /* Parser.swift */ = {isa = PBXFileReference; fileEncoding = 4; lastKnownFileType = sourcecode.swift; path = Parser.swift; sourceTree = "<group>"; };
		FA2E2F1D1DBE109A00CE8F7F /* libz.tbd */ = {isa = PBXFileReference; lastKnownFileType = "sourcecode.text-based-dylib-definition"; name = libz.tbd; path = usr/lib/libz.tbd; sourceTree = SDKROOT; };
		FA51F7A11DC7740300CA1758 /* ChannelSettinsVC.swift */ = {isa = PBXFileReference; fileEncoding = 4; lastKnownFileType = sourcecode.swift; name = ChannelSettinsVC.swift; path = iptv/UI/Settings/ChannelSettinsVC.swift; sourceTree = "<group>"; };
		FA51F7A31DC7746D00CA1758 /* ChannelPickerVC.swift */ = {isa = PBXFileReference; fileEncoding = 4; lastKnownFileType = sourcecode.swift; name = ChannelPickerVC.swift; path = iptv/UI/Settings/ChannelPickerVC.swift; sourceTree = "<group>"; };
		FA5C61111D9038EF005E8EBD /* M3uParser.swift */ = {isa = PBXFileReference; fileEncoding = 4; lastKnownFileType = sourcecode.swift; name = M3uParser.swift; path = iptv/M3uParser.swift; sourceTree = "<group>"; };
		FA5C61131D9132F1005E8EBD /* Utils.swift */ = {isa = PBXFileReference; fileEncoding = 4; lastKnownFileType = sourcecode.swift; name = Utils.swift; path = iptv/Utils.swift; sourceTree = "<group>"; };
		FA5C61331D92798C005E8EBD /* CoreDataManager.swift */ = {isa = PBXFileReference; fileEncoding = 4; lastKnownFileType = sourcecode.swift; name = CoreDataManager.swift; path = iptv/CoreDataManager.swift; sourceTree = "<group>"; };
		FA5C61361D928084005E8EBD /* iptv.xcdatamodel */ = {isa = PBXFileReference; lastKnownFileType = wrapper.xcdatamodel; path = iptv.xcdatamodel; sourceTree = "<group>"; };
		FA6944E01D92B26C005B854A /* CoreData.framework */ = {isa = PBXFileReference; lastKnownFileType = wrapper.framework; name = CoreData.framework; path = System/Library/Frameworks/CoreData.framework; sourceTree = SDKROOT; };
		FA6944E21D92B8D0005B854A /* CoreDataExtension.swift */ = {isa = PBXFileReference; fileEncoding = 4; lastKnownFileType = sourcecode.swift; name = CoreDataExtension.swift; path = iptv/CoreDataExtension.swift; sourceTree = "<group>"; };
		FA7589C91DD10DBF009D2327 /* EpgProviderEditVC.swift */ = {isa = PBXFileReference; fileEncoding = 4; lastKnownFileType = sourcecode.swift; name = EpgProviderEditVC.swift; path = iptv/UI/Settings/EpgProviderEditVC.swift; sourceTree = "<group>"; };
		FA830D4F1D8C0C62000BD36E /* iptv.app */ = {isa = PBXFileReference; explicitFileType = wrapper.application; includeInIndex = 0; path = iptv.app; sourceTree = BUILT_PRODUCTS_DIR; };
		FA830D6D1D8C1F53000BD36E /* AppDelegate.swift */ = {isa = PBXFileReference; fileEncoding = 4; lastKnownFileType = sourcecode.swift; name = AppDelegate.swift; path = iptv/AppDelegate.swift; sourceTree = "<group>"; };
		FA830D6E1D8C1F53000BD36E /* Assets.xcassets */ = {isa = PBXFileReference; lastKnownFileType = folder.assetcatalog; name = Assets.xcassets; path = iptv/Assets.xcassets; sourceTree = "<group>"; };
		FA830D6F1D8C1F53000BD36E /* Info.plist */ = {isa = PBXFileReference; fileEncoding = 4; lastKnownFileType = text.plist.xml; name = Info.plist; path = iptv/Info.plist; sourceTree = "<group>"; };
		FA830D811D8C209F000BD36E /* ProgramVC.swift */ = {isa = PBXFileReference; fileEncoding = 4; lastKnownFileType = sourcecode.swift; name = ProgramVC.swift; path = iptv/UI/Program/ProgramVC.swift; sourceTree = "<group>"; };
		FA830D841D8C20AA000BD36E /* SettingsVC.swift */ = {isa = PBXFileReference; fileEncoding = 4; lastKnownFileType = sourcecode.swift; name = SettingsVC.swift; path = iptv/UI/Settings/SettingsVC.swift; sourceTree = "<group>"; };
		FA830D891D8C215E000BD36E /* Base */ = {isa = PBXFileReference; lastKnownFileType = file.storyboard; name = Base; path = iptv/UI/Base.lproj/Main.storyboard; sourceTree = "<group>"; };
		FA830D8B1D8C21B1000BD36E /* ChannelsVC.swift */ = {isa = PBXFileReference; fileEncoding = 4; lastKnownFileType = sourcecode.swift; name = ChannelsVC.swift; path = iptv/UI/Channels/ChannelsVC.swift; sourceTree = "<group>"; };
		FA830D8E1D8C3361000BD36E /* Base */ = {isa = PBXFileReference; lastKnownFileType = file.storyboard; name = Base; path = iptv/UI/Base.lproj/Settings.storyboard; sourceTree = "<group>"; };
		FA843F631DEB4EC900F95DAE /* StyleManager.swift */ = {isa = PBXFileReference; fileEncoding = 4; lastKnownFileType = sourcecode.swift; path = StyleManager.swift; sourceTree = "<group>"; };
		FA843F6A1DF17E5C00F95DAE /* ProgramView.swift */ = {isa = PBXFileReference; fileEncoding = 4; lastKnownFileType = sourcecode.swift; name = ProgramView.swift; path = iptv/UI/Channels/ProgramView.swift; sourceTree = "<group>"; };
		FAAECE6F1D990A07004EA6ED /* ChannelManager.swift */ = {isa = PBXFileReference; fileEncoding = 4; lastKnownFileType = sourcecode.swift; name = ChannelManager.swift; path = iptv/ChannelManager.swift; sourceTree = "<group>"; };
		FAD2A1B91D9509120047AE3F /* .gitignore */ = {isa = PBXFileReference; fileEncoding = 4; lastKnownFileType = text; path = .gitignore; sourceTree = "<group>"; };
		FAEE2EEA1DB4E60900D0F4C3 /* PlayerView.swift */ = {isa = PBXFileReference; fileEncoding = 4; lastKnownFileType = sourcecode.swift; name = PlayerView.swift; path = 3lib/PlayerView/PlayerView.swift; sourceTree = "<group>"; };
		FAFC8F2F1DF9829900350A2B /* ProgramCollectionCell.swift */ = {isa = PBXFileReference; fileEncoding = 4; lastKnownFileType = sourcecode.swift; name = ProgramCollectionCell.swift; path = iptv/UI/Channels/ProgramCollectionCell.swift; sourceTree = "<group>"; };
		FAFC8F311DFAD87E00350A2B /* Program.storyboard */ = {isa = PBXFileReference; fileEncoding = 4; lastKnownFileType = file.storyboard; path = Program.storyboard; sourceTree = "<group>"; };
		FAFE305C1D9D15760042A3EB /* FocusedView.swift */ = {isa = PBXFileReference; fileEncoding = 4; lastKnownFileType = sourcecode.swift; name = FocusedView.swift; path = iptv/UI/FocusedView.swift; sourceTree = "<group>"; };
		FAFE305F1D9D3E8C0042A3EB /* Base */ = {isa = PBXFileReference; lastKnownFileType = file.storyboard; name = Base; path = iptv/UI/Base.lproj/Channel.storyboard; sourceTree = "<group>"; };
/* End PBXFileReference section */

/* Begin PBXFrameworksBuildPhase section */
		FA830D4C1D8C0C62000BD36E /* Frameworks */ = {
			isa = PBXFrameworksBuildPhase;
			buildActionMask = 2147483647;
			files = (
				FA4341221DC146460075CE77 /* libz.tbd in Frameworks */,
				FA6944E11D92B26C005B854A /* CoreData.framework in Frameworks */,
			);
			runOnlyForDeploymentPostprocessing = 0;
		};
/* End PBXFrameworksBuildPhase section */

/* Begin PBXGroup section */
		FA2383551DC5283F0007A006 /* Swiftzlib */ = {
			isa = PBXGroup;
			children = (
				FA2383561DC5283F0007A006 /* Data+Gzip.swift */,
				FA2383571DC5283F0007A006 /* include.h */,
				FA2383581DC5283F0007A006 /* module.modulemap */,
			);
			name = Swiftzlib;
			path = 3lib/Swiftzlib;
			sourceTree = "<group>";
		};
		FA2E2EEF1DBDFD6F00CE8F7F /* 3lib */ = {
			isa = PBXGroup;
			children = (
				FA2383551DC5283F0007A006 /* Swiftzlib */,
				FA2E2EF01DBDFD8900CE8F7F /* AEXML */,
				FAEE2EEA1DB4E60900D0F4C3 /* PlayerView.swift */,
			);
			name = 3lib;
			sourceTree = "<group>";
		};
		FA2E2EF01DBDFD8900CE8F7F /* AEXML */ = {
			isa = PBXGroup;
			children = (
				FA2E2EF11DBDFD8900CE8F7F /* LICENSE */,
				FA2E2EF21DBDFD8900CE8F7F /* README.md */,
				FA2E2EF31DBDFD8900CE8F7F /* Sources */,
			);
			name = AEXML;
			path = 3lib/AEXML;
			sourceTree = "<group>";
		};
		FA2E2EF31DBDFD8900CE8F7F /* Sources */ = {
			isa = PBXGroup;
			children = (
				FA2E2EF41DBDFD8900CE8F7F /* AEXML.h */,
				FA2E2EF51DBDFD8900CE8F7F /* Document.swift */,
				FA2E2EF61DBDFD8900CE8F7F /* Element.swift */,
				FA2E2EF71DBDFD8900CE8F7F /* Error.swift */,
				FA2E2EF81DBDFD8900CE8F7F /* Info.plist */,
				FA2E2EF91DBDFD8900CE8F7F /* Options.swift */,
				FA2E2EFA1DBDFD8900CE8F7F /* Parser.swift */,
			);
			path = Sources;
			sourceTree = "<group>";
		};
		FA6944DF1D92B26C005B854A /* Frameworks */ = {
			isa = PBXGroup;
			children = (
				FA2E2F1D1DBE109A00CE8F7F /* libz.tbd */,
				FA6944E01D92B26C005B854A /* CoreData.framework */,
			);
			name = Frameworks;
			sourceTree = "<group>";
		};
		FA830D461D8C0C62000BD36E = {
			isa = PBXGroup;
			children = (
				FA2E2EEF1DBDFD6F00CE8F7F /* 3lib */,
				FAD2A1B91D9509120047AE3F /* .gitignore */,
				FA830D751D8C1FDA000BD36E /* UI */,
				FA830D6C1D8C1F33000BD36E /* iptv */,
				FA830D501D8C0C62000BD36E /* Products */,
				FA6944DF1D92B26C005B854A /* Frameworks */,
			);
			sourceTree = "<group>";
		};
		FA830D501D8C0C62000BD36E /* Products */ = {
			isa = PBXGroup;
			children = (
				FA830D4F1D8C0C62000BD36E /* iptv.app */,
			);
			name = Products;
			sourceTree = "<group>";
		};
		FA830D6C1D8C1F33000BD36E /* iptv */ = {
			isa = PBXGroup;
			children = (
				FA6944E21D92B8D0005B854A /* CoreDataExtension.swift */,
				FA5C61351D928084005E8EBD /* iptv.xcdatamodeld */,
				FA830D6D1D8C1F53000BD36E /* AppDelegate.swift */,
				FA830D6E1D8C1F53000BD36E /* Assets.xcassets */,
				FA830D6F1D8C1F53000BD36E /* Info.plist */,
				FA5C61111D9038EF005E8EBD /* M3uParser.swift */,
				FA5C61131D9132F1005E8EBD /* Utils.swift */,
				FA5C61331D92798C005E8EBD /* CoreDataManager.swift */,
				FAAECE6F1D990A07004EA6ED /* ChannelManager.swift */,
				FA2E2EE51DB7A42000CE8F7F /* ProgramManager.swift */,
			);
			name = iptv;
			sourceTree = "<group>";
		};
		FA830D751D8C1FDA000BD36E /* UI */ = {
			isa = PBXGroup;
			children = (
				FA51F7A31DC7746D00CA1758 /* ChannelPickerVC.swift */,
				FA830D871D8C2131000BD36E /* Base.lproj */,
				FA830D7E1D8C206C000BD36E /* Settings */,
				FA830D7D1D8C2061000BD36E /* Programs */,
				FA830D7A1D8C201C000BD36E /* Channels */,
				FAFE305C1D9D15760042A3EB /* FocusedView.swift */,
				FA2E2EED1DBBE52900CE8F7F /* AlertAction.swift */,
				FA210EC41DCA0344002B9592 /* UIExtension.swift */,
				FA843F631DEB4EC900F95DAE /* StyleManager.swift */,
			);
			name = UI;
			sourceTree = "<group>";
		};
		FA830D7A1D8C201C000BD36E /* Channels */ = {
			isa = PBXGroup;
			children = (
				FA830D8B1D8C21B1000BD36E /* ChannelsVC.swift */,
				FA843F6A1DF17E5C00F95DAE /* ProgramView.swift */,
				FAFC8F2F1DF9829900350A2B /* ProgramCollectionCell.swift */,
			);
			name = Channels;
			sourceTree = "<group>";
		};
		FA830D7D1D8C2061000BD36E /* Programs */ = {
			isa = PBXGroup;
			children = (
				FA830D811D8C209F000BD36E /* ProgramVC.swift */,
			);
			name = Programs;
			sourceTree = "<group>";
		};
		FA830D7E1D8C206C000BD36E /* Settings */ = {
			isa = PBXGroup;
			children = (
				FA830D841D8C20AA000BD36E /* SettingsVC.swift */,
				FA51F7A11DC7740300CA1758 /* ChannelSettinsVC.swift */,
				FA2E2EE71DB8DAA700CE8F7F /* EpgProvidersVC.swift */,
				FA7589C91DD10DBF009D2327 /* EpgProviderEditVC.swift */,
			);
			name = Settings;
			sourceTree = "<group>";
		};
		FA830D871D8C2131000BD36E /* Base.lproj */ = {
			isa = PBXGroup;
			children = (
				FA830D881D8C215E000BD36E /* Main.storyboard */,
				FAFC8F311DFAD87E00350A2B /* Program.storyboard */,
				FAFE305E1D9D3E8C0042A3EB /* Channel.storyboard */,
				FA830D8D1D8C3361000BD36E /* Settings.storyboard */,
			);
			name = Base.lproj;
			sourceTree = "<group>";
		};
/* End PBXGroup section */

/* Begin PBXNativeTarget section */
		FA830D4E1D8C0C62000BD36E /* iptv */ = {
			isa = PBXNativeTarget;
			buildConfigurationList = FA830D601D8C0C63000BD36E /* Build configuration list for PBXNativeTarget "iptv" */;
			buildPhases = (
				FA830D4B1D8C0C62000BD36E /* Sources */,
				FA830D4C1D8C0C62000BD36E /* Frameworks */,
				FA830D4D1D8C0C62000BD36E /* Resources */,
			);
			buildRules = (
			);
			dependencies = (
			);
			name = iptv;
			productName = iptv;
			productReference = FA830D4F1D8C0C62000BD36E /* iptv.app */;
			productType = "com.apple.product-type.application";
		};
/* End PBXNativeTarget section */

/* Begin PBXProject section */
		FA830D471D8C0C62000BD36E /* Project object */ = {
			isa = PBXProject;
			attributes = {
				LastSwiftUpdateCheck = 0800;
				LastUpgradeCheck = 0800;
				ORGANIZATIONNAME = Home;
				TargetAttributes = {
					FA830D4E1D8C0C62000BD36E = {
						CreatedOnToolsVersion = 8.0;
						DevelopmentTeam = Z23F78X45H;
						ProvisioningStyle = Automatic;
					};
				};
			};
			buildConfigurationList = FA830D4A1D8C0C62000BD36E /* Build configuration list for PBXProject "iptv" */;
			compatibilityVersion = "Xcode 3.2";
			developmentRegion = English;
			hasScannedForEncodings = 0;
			knownRegions = (
				en,
				Base,
			);
			mainGroup = FA830D461D8C0C62000BD36E;
			productRefGroup = FA830D501D8C0C62000BD36E /* Products */;
			projectDirPath = "";
			projectRoot = "";
			targets = (
				FA830D4E1D8C0C62000BD36E /* iptv */,
			);
		};
/* End PBXProject section */

/* Begin PBXResourcesBuildPhase section */
		FA830D4D1D8C0C62000BD36E /* Resources */ = {
			isa = PBXResourcesBuildPhase;
			buildActionMask = 2147483647;
			files = (
				FA2E2F001DBDFD8900CE8F7F /* Info.plist in Resources */,
				FAFC8F321DFAD87E00350A2B /* Program.storyboard in Resources */,
				FAFE30601D9D3E8C0042A3EB /* Channel.storyboard in Resources */,
				FAD2A1BA1D9509120047AE3F /* .gitignore in Resources */,
				FA830D721D8C1F53000BD36E /* Info.plist in Resources */,
				FA830D711D8C1F53000BD36E /* Assets.xcassets in Resources */,
				FA830D8A1D8C215E000BD36E /* Main.storyboard in Resources */,
				FA830D8F1D8C3361000BD36E /* Settings.storyboard in Resources */,
			);
			runOnlyForDeploymentPostprocessing = 0;
		};
/* End PBXResourcesBuildPhase section */

/* Begin PBXSourcesBuildPhase section */
		FA830D4B1D8C0C62000BD36E /* Sources */ = {
			isa = PBXSourcesBuildPhase;
			buildActionMask = 2147483647;
			files = (
				FA2E2EEE1DBBE52900CE8F7F /* AlertAction.swift in Sources */,
				FA210EC51DCA0344002B9592 /* UIExtension.swift in Sources */,
				FA5C61371D928084005E8EBD /* iptv.xcdatamodeld in Sources */,
				FA7589CA1DD10DBF009D2327 /* EpgProviderEditVC.swift in Sources */,
				FA5C61121D9038EF005E8EBD /* M3uParser.swift in Sources */,
				FA2E2EE61DB7A42000CE8F7F /* ProgramManager.swift in Sources */,
				FA2E2EFD1DBDFD8900CE8F7F /* Document.swift in Sources */,
				FA2E2EFE1DBDFD8900CE8F7F /* Element.swift in Sources */,
				FAEE2EEB1DB4E60900D0F4C3 /* PlayerView.swift in Sources */,
				FA2383591DC5283F0007A006 /* Data+Gzip.swift in Sources */,
				FA51F7A21DC7740300CA1758 /* ChannelSettinsVC.swift in Sources */,
				FA830D8C1D8C21B1000BD36E /* ChannelsVC.swift in Sources */,
				FA830D701D8C1F53000BD36E /* AppDelegate.swift in Sources */,
				FA2E2EE81DB8DAA700CE8F7F /* EpgProvidersVC.swift in Sources */,
				FA6944E31D92B8D0005B854A /* CoreDataExtension.swift in Sources */,
				FA5C61141D9132F1005E8EBD /* Utils.swift in Sources */,
				FA2E2F011DBDFD8900CE8F7F /* Options.swift in Sources */,
				FA2E2EFF1DBDFD8900CE8F7F /* Error.swift in Sources */,
				FA830D861D8C20AA000BD36E /* SettingsVC.swift in Sources */,
				FA5C61341D92798C005E8EBD /* CoreDataManager.swift in Sources */,
				FA51F7A41DC7746D00CA1758 /* ChannelPickerVC.swift in Sources */,
				FA2E2F021DBDFD8900CE8F7F /* Parser.swift in Sources */,
				FA830D821D8C209F000BD36E /* ProgramVC.swift in Sources */,
				FAFE305D1D9D15760042A3EB /* FocusedView.swift in Sources */,
				FAAECE701D990A07004EA6ED /* ChannelManager.swift in Sources */,
				FA843F641DEB4EC900F95DAE /* StyleManager.swift in Sources */,
				FAFC8F301DF9829900350A2B /* ProgramCollectionCell.swift in Sources */,
				FA843F6B1DF17E5C00F95DAE /* ProgramView.swift in Sources */,
			);
			runOnlyForDeploymentPostprocessing = 0;
		};
/* End PBXSourcesBuildPhase section */

/* Begin PBXVariantGroup section */
		FA830D881D8C215E000BD36E /* Main.storyboard */ = {
			isa = PBXVariantGroup;
			children = (
				FA830D891D8C215E000BD36E /* Base */,
			);
			name = Main.storyboard;
			sourceTree = "<group>";
		};
		FA830D8D1D8C3361000BD36E /* Settings.storyboard */ = {
			isa = PBXVariantGroup;
			children = (
				FA830D8E1D8C3361000BD36E /* Base */,
			);
			name = Settings.storyboard;
			sourceTree = "<group>";
		};
		FAFE305E1D9D3E8C0042A3EB /* Channel.storyboard */ = {
			isa = PBXVariantGroup;
			children = (
				FAFE305F1D9D3E8C0042A3EB /* Base */,
			);
			name = Channel.storyboard;
			sourceTree = "<group>";
		};
/* End PBXVariantGroup section */

/* Begin XCBuildConfiguration section */
		FA830D5E1D8C0C63000BD36E /* Debug */ = {
			isa = XCBuildConfiguration;
			buildSettings = {
				ALWAYS_SEARCH_USER_PATHS = NO;
				CLANG_ANALYZER_NONNULL = YES;
				CLANG_CXX_LANGUAGE_STANDARD = "gnu++0x";
				CLANG_CXX_LIBRARY = "libc++";
				CLANG_ENABLE_MODULES = YES;
				CLANG_ENABLE_OBJC_ARC = YES;
				CLANG_WARN_BOOL_CONVERSION = YES;
				CLANG_WARN_CONSTANT_CONVERSION = YES;
				CLANG_WARN_DIRECT_OBJC_ISA_USAGE = YES_ERROR;
				CLANG_WARN_DOCUMENTATION_COMMENTS = YES;
				CLANG_WARN_EMPTY_BODY = YES;
				CLANG_WARN_ENUM_CONVERSION = YES;
				CLANG_WARN_INFINITE_RECURSION = YES;
				CLANG_WARN_INT_CONVERSION = YES;
				CLANG_WARN_OBJC_ROOT_CLASS = YES_ERROR;
				CLANG_WARN_SUSPICIOUS_MOVES = YES;
				CLANG_WARN_UNREACHABLE_CODE = YES;
				CLANG_WARN__DUPLICATE_METHOD_MATCH = YES;
				COPY_PHASE_STRIP = NO;
				DEBUG_INFORMATION_FORMAT = dwarf;
				ENABLE_STRICT_OBJC_MSGSEND = YES;
				ENABLE_TESTABILITY = YES;
				GCC_C_LANGUAGE_STANDARD = gnu99;
				GCC_DYNAMIC_NO_PIC = NO;
				GCC_NO_COMMON_BLOCKS = YES;
				GCC_OPTIMIZATION_LEVEL = 0;
				GCC_PREPROCESSOR_DEFINITIONS = (
					"DEBUG=1",
					"$(inherited)",
				);
				GCC_WARN_64_TO_32_BIT_CONVERSION = YES;
				GCC_WARN_ABOUT_RETURN_TYPE = YES_ERROR;
				GCC_WARN_UNDECLARED_SELECTOR = YES;
				GCC_WARN_UNINITIALIZED_AUTOS = YES_AGGRESSIVE;
				GCC_WARN_UNUSED_FUNCTION = YES;
				GCC_WARN_UNUSED_VARIABLE = YES;
				MTL_ENABLE_DEBUG_INFO = YES;
				ONLY_ACTIVE_ARCH = YES;
				SDKROOT = appletvos;
				SWIFT_ACTIVE_COMPILATION_CONDITIONS = DEBUG;
				SWIFT_OPTIMIZATION_LEVEL = "-Onone";
				TARGETED_DEVICE_FAMILY = 3;
				TVOS_DEPLOYMENT_TARGET = 10.0;
			};
			name = Debug;
		};
		FA830D5F1D8C0C63000BD36E /* Release */ = {
			isa = XCBuildConfiguration;
			buildSettings = {
				ALWAYS_SEARCH_USER_PATHS = NO;
				CLANG_ANALYZER_NONNULL = YES;
				CLANG_CXX_LANGUAGE_STANDARD = "gnu++0x";
				CLANG_CXX_LIBRARY = "libc++";
				CLANG_ENABLE_MODULES = YES;
				CLANG_ENABLE_OBJC_ARC = YES;
				CLANG_WARN_BOOL_CONVERSION = YES;
				CLANG_WARN_CONSTANT_CONVERSION = YES;
				CLANG_WARN_DIRECT_OBJC_ISA_USAGE = YES_ERROR;
				CLANG_WARN_DOCUMENTATION_COMMENTS = YES;
				CLANG_WARN_EMPTY_BODY = YES;
				CLANG_WARN_ENUM_CONVERSION = YES;
				CLANG_WARN_INFINITE_RECURSION = YES;
				CLANG_WARN_INT_CONVERSION = YES;
				CLANG_WARN_OBJC_ROOT_CLASS = YES_ERROR;
				CLANG_WARN_SUSPICIOUS_MOVES = YES;
				CLANG_WARN_UNREACHABLE_CODE = YES;
				CLANG_WARN__DUPLICATE_METHOD_MATCH = YES;
				COPY_PHASE_STRIP = NO;
				DEBUG_INFORMATION_FORMAT = "dwarf-with-dsym";
				ENABLE_NS_ASSERTIONS = NO;
				ENABLE_STRICT_OBJC_MSGSEND = YES;
				GCC_C_LANGUAGE_STANDARD = gnu99;
				GCC_NO_COMMON_BLOCKS = YES;
				GCC_WARN_64_TO_32_BIT_CONVERSION = YES;
				GCC_WARN_ABOUT_RETURN_TYPE = YES_ERROR;
				GCC_WARN_UNDECLARED_SELECTOR = YES;
				GCC_WARN_UNINITIALIZED_AUTOS = YES_AGGRESSIVE;
				GCC_WARN_UNUSED_FUNCTION = YES;
				GCC_WARN_UNUSED_VARIABLE = YES;
				MTL_ENABLE_DEBUG_INFO = NO;
				SDKROOT = appletvos;
				SWIFT_OPTIMIZATION_LEVEL = "-Owholemodule";
				TARGETED_DEVICE_FAMILY = 3;
				TVOS_DEPLOYMENT_TARGET = 10.0;
				VALIDATE_PRODUCT = YES;
			};
			name = Release;
		};
		FA830D611D8C0C63000BD36E /* Debug */ = {
			isa = XCBuildConfiguration;
			buildSettings = {
				ASSETCATALOG_COMPILER_APPICON_NAME = "App Icon & Top Shelf Image";
				DEVELOPMENT_TEAM = Z23F78X45H;
				FRAMEWORK_SEARCH_PATHS = (
					"$(inherited)",
					"$(PROJECT_DIR)",
				);
				INFOPLIST_FILE = iptv/Info.plist;
				LD_RUNPATH_SEARCH_PATHS = "$(inherited) @executable_path/Frameworks";
				OTHER_LDFLAGS = "-lz";
				PRODUCT_BUNDLE_IDENTIFIER = net.organizer.iptv;
				PRODUCT_NAME = "$(TARGET_NAME)";
				SWIFT_INCLUDE_PATHS = "$(PROJECT_DIR)/3lib/Swiftzlib";
				SWIFT_VERSION = 3.0;
			};
			name = Debug;
		};
		FA830D621D8C0C63000BD36E /* Release */ = {
			isa = XCBuildConfiguration;
			buildSettings = {
				ASSETCATALOG_COMPILER_APPICON_NAME = "App Icon & Top Shelf Image";
				DEVELOPMENT_TEAM = Z23F78X45H;
				FRAMEWORK_SEARCH_PATHS = (
					"$(inherited)",
					"$(PROJECT_DIR)",
				);
				INFOPLIST_FILE = iptv/Info.plist;
				LD_RUNPATH_SEARCH_PATHS = "$(inherited) @executable_path/Frameworks";
				OTHER_LDFLAGS = "-lz";
				PRODUCT_BUNDLE_IDENTIFIER = net.organizer.iptv;
				PRODUCT_NAME = "$(TARGET_NAME)";
				SWIFT_INCLUDE_PATHS = "$(PROJECT_DIR)/3lib/Swiftzlib";
				SWIFT_VERSION = 3.0;
			};
			name = Release;
		};
/* End XCBuildConfiguration section */

/* Begin XCConfigurationList section */
		FA830D4A1D8C0C62000BD36E /* Build configuration list for PBXProject "iptv" */ = {
			isa = XCConfigurationList;
			buildConfigurations = (
				FA830D5E1D8C0C63000BD36E /* Debug */,
				FA830D5F1D8C0C63000BD36E /* Release */,
			);
			defaultConfigurationIsVisible = 0;
			defaultConfigurationName = Release;
		};
		FA830D601D8C0C63000BD36E /* Build configuration list for PBXNativeTarget "iptv" */ = {
			isa = XCConfigurationList;
			buildConfigurations = (
				FA830D611D8C0C63000BD36E /* Debug */,
				FA830D621D8C0C63000BD36E /* Release */,
			);
			defaultConfigurationIsVisible = 0;
			defaultConfigurationName = Release;
		};
/* End XCConfigurationList section */

/* Begin XCVersionGroup section */
		FA5C61351D928084005E8EBD /* iptv.xcdatamodeld */ = {
			isa = XCVersionGroup;
			children = (
				FA5C61361D928084005E8EBD /* iptv.xcdatamodel */,
			);
			currentVersion = FA5C61361D928084005E8EBD /* iptv.xcdatamodel */;
			path = iptv.xcdatamodeld;
			sourceTree = "<group>";
			versionGroupType = wrapper.xcdatamodel;
		};
/* End XCVersionGroup section */
	};
	rootObject = FA830D471D8C0C62000BD36E /* Project object */;
}
